// !$*UTF8*$!
{
	archiveVersion = 1;
	classes = {
	};
	objectVersion = 56;
	objects = {

/* Begin PBXBuildFile section */
		3DA88F052BC98CAA00080D21 /* AppDelegate.m in Sources */ = {isa = PBXBuildFile; fileRef = 3DA88F042BC98CAA00080D21 /* AppDelegate.m */; };
		3DA88F082BC98CAA00080D21 /* SceneDelegate.m in Sources */ = {isa = PBXBuildFile; fileRef = 3DA88F072BC98CAA00080D21 /* SceneDelegate.m */; };
		3DA88F0B2BC98CAA00080D21 /* ViewController.m in Sources */ = {isa = PBXBuildFile; fileRef = 3DA88F0A2BC98CAA00080D21 /* ViewController.m */; };
		3DA88F0E2BC98CAA00080D21 /* Base in Resources */ = {isa = PBXBuildFile; fileRef = 3DA88F0D2BC98CAA00080D21 /* Base */; };
		3DA88F102BC98CAD00080D21 /* Assets.xcassets in Resources */ = {isa = PBXBuildFile; fileRef = 3DA88F0F2BC98CAD00080D21 /* Assets.xcassets */; };
		3DA88F132BC98CAD00080D21 /* Base in Resources */ = {isa = PBXBuildFile; fileRef = 3DA88F122BC98CAD00080D21 /* Base */; };
		3DA88F162BC98CAD00080D21 /* main.m in Sources */ = {isa = PBXBuildFile; fileRef = 3DA88F152BC98CAD00080D21 /* main.m */; };
		C2BC45CB3EBCAE853B902BD9 /* libPods-TestForJK.a in Frameworks */ = {isa = PBXBuildFile; fileRef = C5A7437564C33A288453C4F3 /* libPods-TestForJK.a */; };
/* End PBXBuildFile section */

/* Begin PBXFileReference section */
		3DA88F002BC98CAA00080D21 /* TestForJK.app */ = {isa = PBXFileReference; explicitFileType = wrapper.application; includeInIndex = 0; path = TestForJK.app; sourceTree = BUILT_PRODUCTS_DIR; };
		3DA88F032BC98CAA00080D21 /* AppDelegate.h */ = {isa = PBXFileReference; lastKnownFileType = sourcecode.c.h; path = AppDelegate.h; sourceTree = "<group>"; };
		3DA88F042BC98CAA00080D21 /* AppDelegate.m */ = {isa = PBXFileReference; lastKnownFileType = sourcecode.c.objc; path = AppDelegate.m; sourceTree = "<group>"; };
		3DA88F062BC98CAA00080D21 /* SceneDelegate.h */ = {isa = PBXFileReference; lastKnownFileType = sourcecode.c.h; path = SceneDelegate.h; sourceTree = "<group>"; };
		3DA88F072BC98CAA00080D21 /* SceneDelegate.m */ = {isa = PBXFileReference; lastKnownFileType = sourcecode.c.objc; path = SceneDelegate.m; sourceTree = "<group>"; };
		3DA88F092BC98CAA00080D21 /* ViewController.h */ = {isa = PBXFileReference; lastKnownFileType = sourcecode.c.h; path = ViewController.h; sourceTree = "<group>"; };
		3DA88F0A2BC98CAA00080D21 /* ViewController.m */ = {isa = PBXFileReference; lastKnownFileType = sourcecode.c.objc; path = ViewController.m; sourceTree = "<group>"; };
		3DA88F0D2BC98CAA00080D21 /* Base */ = {isa = PBXFileReference; lastKnownFileType = file.storyboard; name = Base; path = Base.lproj/Main.storyboard; sourceTree = "<group>"; };
		3DA88F0F2BC98CAD00080D21 /* Assets.xcassets */ = {isa = PBXFileReference; lastKnownFileType = folder.assetcatalog; path = Assets.xcassets; sourceTree = "<group>"; };
		3DA88F122BC98CAD00080D21 /* Base */ = {isa = PBXFileReference; lastKnownFileType = file.storyboard; name = Base; path = Base.lproj/LaunchScreen.storyboard; sourceTree = "<group>"; };
		3DA88F142BC98CAD00080D21 /* Info.plist */ = {isa = PBXFileReference; lastKnownFileType = text.plist.xml; path = Info.plist; sourceTree = "<group>"; };
		3DA88F152BC98CAD00080D21 /* main.m */ = {isa = PBXFileReference; lastKnownFileType = sourcecode.c.objc; path = main.m; sourceTree = "<group>"; };
		AA999C1FAF418A52E7592A6A /* Pods-TestForJK.release.xcconfig */ = {isa = PBXFileReference; includeInIndex = 1; lastKnownFileType = text.xcconfig; name = "Pods-TestForJK.release.xcconfig"; path = "Target Support Files/Pods-TestForJK/Pods-TestForJK.release.xcconfig"; sourceTree = "<group>"; };
		C5A7437564C33A288453C4F3 /* libPods-TestForJK.a */ = {isa = PBXFileReference; explicitFileType = archive.ar; includeInIndex = 0; path = "libPods-TestForJK.a"; sourceTree = BUILT_PRODUCTS_DIR; };
		EDE3DBA6CF6DEA2FF5D7B20F /* Pods-TestForJK.debug.xcconfig */ = {isa = PBXFileReference; includeInIndex = 1; lastKnownFileType = text.xcconfig; name = "Pods-TestForJK.debug.xcconfig"; path = "Target Support Files/Pods-TestForJK/Pods-TestForJK.debug.xcconfig"; sourceTree = "<group>"; };
/* End PBXFileReference section */

/* Begin PBXFrameworksBuildPhase section */
		3DA88EFD2BC98CAA00080D21 /* Frameworks */ = {
			isa = PBXFrameworksBuildPhase;
			buildActionMask = 2147483647;
			files = (
				C2BC45CB3EBCAE853B902BD9 /* libPods-TestForJK.a in Frameworks */,
			);
			runOnlyForDeploymentPostprocessing = 0;
		};
/* End PBXFrameworksBuildPhase section */

/* Begin PBXGroup section */
		3DA88EF72BC98CAA00080D21 = {
			isa = PBXGroup;
			children = (
				3DA88F022BC98CAA00080D21 /* TestForJK */,
				3DA88F012BC98CAA00080D21 /* Products */,
				B0CC2010E21ECD136839F9B6 /* Pods */,
				E61FBD855F08021B36072CB8 /* Frameworks */,
			);
			sourceTree = "<group>";
		};
		3DA88F012BC98CAA00080D21 /* Products */ = {
			isa = PBXGroup;
			children = (
				3DA88F002BC98CAA00080D21 /* TestForJK.app */,
			);
			name = Products;
			sourceTree = "<group>";
		};
		3DA88F022BC98CAA00080D21 /* TestForJK */ = {
			isa = PBXGroup;
			children = (
				3DA88F032BC98CAA00080D21 /* AppDelegate.h */,
				3DA88F042BC98CAA00080D21 /* AppDelegate.m */,
				3DA88F062BC98CAA00080D21 /* SceneDelegate.h */,
				3DA88F072BC98CAA00080D21 /* SceneDelegate.m */,
				3DA88F092BC98CAA00080D21 /* ViewController.h */,
				3DA88F0A2BC98CAA00080D21 /* ViewController.m */,
				3DA88F0C2BC98CAA00080D21 /* Main.storyboard */,
				3DA88F0F2BC98CAD00080D21 /* Assets.xcassets */,
				3DA88F112BC98CAD00080D21 /* LaunchScreen.storyboard */,
				3DA88F142BC98CAD00080D21 /* Info.plist */,
				3DA88F152BC98CAD00080D21 /* main.m */,
			);
			path = TestForJK;
			sourceTree = "<group>";
		};
		B0CC2010E21ECD136839F9B6 /* Pods */ = {
			isa = PBXGroup;
			children = (
				EDE3DBA6CF6DEA2FF5D7B20F /* Pods-TestForJK.debug.xcconfig */,
				AA999C1FAF418A52E7592A6A /* Pods-TestForJK.release.xcconfig */,
			);
			name = Pods;
			path = Pods;
			sourceTree = "<group>";
		};
		E61FBD855F08021B36072CB8 /* Frameworks */ = {
			isa = PBXGroup;
			children = (
				C5A7437564C33A288453C4F3 /* libPods-TestForJK.a */,
			);
			name = Frameworks;
			sourceTree = "<group>";
		};
/* End PBXGroup section */

/* Begin PBXNativeTarget section */
		3DA88EFF2BC98CAA00080D21 /* TestForJK */ = {
			isa = PBXNativeTarget;
			buildConfigurationList = 3DA88F192BC98CAD00080D21 /* Build configuration list for PBXNativeTarget "TestForJK" */;
			buildPhases = (
				A6A151B47C69A363851EB742 /* [CP] Check Pods Manifest.lock */,
				3DA88EFC2BC98CAA00080D21 /* Sources */,
				3DA88EFD2BC98CAA00080D21 /* Frameworks */,
				3DA88EFE2BC98CAA00080D21 /* Resources */,
			);
			buildRules = (
			);
			dependencies = (
			);
			name = TestForJK;
			productName = TestForJK;
			productReference = 3DA88F002BC98CAA00080D21 /* TestForJK.app */;
			productType = "com.apple.product-type.application";
		};
/* End PBXNativeTarget section */

/* Begin PBXProject section */
		3DA88EF82BC98CAA00080D21 /* Project object */ = {
			isa = PBXProject;
			attributes = {
				BuildIndependentTargetsInParallel = 1;
				LastUpgradeCheck = 1530;
				TargetAttributes = {
					3DA88EFF2BC98CAA00080D21 = {
						CreatedOnToolsVersion = 15.3;
					};
				};
			};
			buildConfigurationList = 3DA88EFB2BC98CAA00080D21 /* Build configuration list for PBXProject "TestForJK" */;
			compatibilityVersion = "Xcode 14.0";
			developmentRegion = en;
			hasScannedForEncodings = 0;
			knownRegions = (
				en,
				Base,
			);
			mainGroup = 3DA88EF72BC98CAA00080D21;
			productRefGroup = 3DA88F012BC98CAA00080D21 /* Products */;
			projectDirPath = "";
			projectRoot = "";
			targets = (
				3DA88EFF2BC98CAA00080D21 /* TestForJK */,
			);
		};
/* End PBXProject section */

/* Begin PBXResourcesBuildPhase section */
		3DA88EFE2BC98CAA00080D21 /* Resources */ = {
			isa = PBXResourcesBuildPhase;
			buildActionMask = 2147483647;
			files = (
				3DA88F102BC98CAD00080D21 /* Assets.xcassets in Resources */,
				3DA88F132BC98CAD00080D21 /* Base in Resources */,
				3DA88F0E2BC98CAA00080D21 /* Base in Resources */,
			);
			runOnlyForDeploymentPostprocessing = 0;
		};
/* End PBXResourcesBuildPhase section */

/* Begin PBXShellScriptBuildPhase section */
		A6A151B47C69A363851EB742 /* [CP] Check Pods Manifest.lock */ = {
			isa = PBXShellScriptBuildPhase;
			buildActionMask = 2147483647;
			files = (
			);
			inputFileListPaths = (
			);
			inputPaths = (
				"${PODS_PODFILE_DIR_PATH}/Podfile.lock",
				"${PODS_ROOT}/Manifest.lock",
			);
			name = "[CP] Check Pods Manifest.lock";
			outputFileListPaths = (
			);
			outputPaths = (
				"$(DERIVED_FILE_DIR)/Pods-TestForJK-checkManifestLockResult.txt",
			);
			runOnlyForDeploymentPostprocessing = 0;
			shellPath = /bin/sh;
			shellScript = "diff \"${PODS_PODFILE_DIR_PATH}/Podfile.lock\" \"${PODS_ROOT}/Manifest.lock\" > /dev/null\nif [ $? != 0 ] ; then\n    # print error to STDERR\n    echo \"error: The sandbox is not in sync with the Podfile.lock. Run 'pod install' or update your CocoaPods installation.\" >&2\n    exit 1\nfi\n# This output is used by Xcode 'outputs' to avoid re-running this script phase.\necho \"SUCCESS\" > \"${SCRIPT_OUTPUT_FILE_0}\"\n";
			showEnvVarsInLog = 0;
		};
/* End PBXShellScriptBuildPhase section */

/* Begin PBXSourcesBuildPhase section */
		3DA88EFC2BC98CAA00080D21 /* Sources */ = {
			isa = PBXSourcesBuildPhase;
			buildActionMask = 2147483647;
			files = (
				3DA88F0B2BC98CAA00080D21 /* ViewController.m in Sources */,
				3DA88F052BC98CAA00080D21 /* AppDelegate.m in Sources */,
				3DA88F162BC98CAD00080D21 /* main.m in Sources */,
				3DA88F082BC98CAA00080D21 /* SceneDelegate.m in Sources */,
			);
			runOnlyForDeploymentPostprocessing = 0;
		};
/* End PBXSourcesBuildPhase section */

/* Begin PBXVariantGroup section */
		3DA88F0C2BC98CAA00080D21 /* Main.storyboard */ = {
			isa = PBXVariantGroup;
			children = (
				3DA88F0D2BC98CAA00080D21 /* Base */,
			);
			name = Main.storyboard;
			sourceTree = "<group>";
		};
		3DA88F112BC98CAD00080D21 /* LaunchScreen.storyboard */ = {
			isa = PBXVariantGroup;
			children = (
				3DA88F122BC98CAD00080D21 /* Base */,
			);
			name = LaunchScreen.storyboard;
			sourceTree = "<group>";
		};
/* End PBXVariantGroup section */

/* Begin XCBuildConfiguration section */
		3DA88F172BC98CAD00080D21 /* Debug */ = {
			isa = XCBuildConfiguration;
			buildSettings = {
				ALWAYS_SEARCH_USER_PATHS = NO;
				ASSETCATALOG_COMPILER_GENERATE_SWIFT_ASSET_SYMBOL_EXTENSIONS = YES;
				CLANG_ANALYZER_NONNULL = YES;
				CLANG_ANALYZER_NUMBER_OBJECT_CONVERSION = YES_AGGRESSIVE;
				CLANG_CXX_LANGUAGE_STANDARD = "gnu++20";
				CLANG_ENABLE_MODULES = YES;
				CLANG_ENABLE_OBJC_ARC = YES;
				CLANG_ENABLE_OBJC_WEAK = YES;
				CLANG_WARN_BLOCK_CAPTURE_AUTORELEASING = YES;
				CLANG_WARN_BOOL_CONVERSION = YES;
				CLANG_WARN_COMMA = YES;
				CLANG_WARN_CONSTANT_CONVERSION = YES;
				CLANG_WARN_DEPRECATED_OBJC_IMPLEMENTATIONS = YES;
				CLANG_WARN_DIRECT_OBJC_ISA_USAGE = YES_ERROR;
				CLANG_WARN_DOCUMENTATION_COMMENTS = YES;
				CLANG_WARN_EMPTY_BODY = YES;
				CLANG_WARN_ENUM_CONVERSION = YES;
				CLANG_WARN_INFINITE_RECURSION = YES;
				CLANG_WARN_INT_CONVERSION = YES;
				CLANG_WARN_NON_LITERAL_NULL_CONVERSION = YES;
				CLANG_WARN_OBJC_IMPLICIT_RETAIN_SELF = YES;
				CLANG_WARN_OBJC_LITERAL_CONVERSION = YES;
				CLANG_WARN_OBJC_ROOT_CLASS = YES_ERROR;
				CLANG_WARN_QUOTED_INCLUDE_IN_FRAMEWORK_HEADER = YES;
				CLANG_WARN_RANGE_LOOP_ANALYSIS = YES;
				CLANG_WARN_STRICT_PROTOTYPES = YES;
				CLANG_WARN_SUSPICIOUS_MOVE = YES;
				CLANG_WARN_UNGUARDED_AVAILABILITY = YES_AGGRESSIVE;
				CLANG_WARN_UNREACHABLE_CODE = YES;
				CLANG_WARN__DUPLICATE_METHOD_MATCH = YES;
				COPY_PHASE_STRIP = NO;
				DEBUG_INFORMATION_FORMAT = dwarf;
				ENABLE_STRICT_OBJC_MSGSEND = YES;
				ENABLE_TESTABILITY = YES;
				ENABLE_USER_SCRIPT_SANDBOXING = YES;
				GCC_C_LANGUAGE_STANDARD = gnu17;
				GCC_DYNAMIC_NO_PIC = NO;
				GCC_NO_COMMON_BLOCKS = YES;
				GCC_OPTIMIZATION_LEVEL = 0;
				GCC_PREPROCESSOR_DEFINITIONS = (
					"DEBUG=1",
					"$(inherited)",
				);
				GCC_WARN_64_TO_32_BIT_CONVERSION = YES;
				GCC_WARN_ABOUT_RETURN_TYPE = YES_ERROR;
				GCC_WARN_UNDECLARED_SELECTOR = YES;
				GCC_WARN_UNINITIALIZED_AUTOS = YES_AGGRESSIVE;
				GCC_WARN_UNUSED_FUNCTION = YES;
				GCC_WARN_UNUSED_VARIABLE = YES;
				IPHONEOS_DEPLOYMENT_TARGET = 17.4;
				LOCALIZATION_PREFERS_STRING_CATALOGS = YES;
				MTL_ENABLE_DEBUG_INFO = INCLUDE_SOURCE;
				MTL_FAST_MATH = YES;
				ONLY_ACTIVE_ARCH = YES;
				SDKROOT = iphoneos;
			};
			name = Debug;
		};
		3DA88F182BC98CAD00080D21 /* Release */ = {
			isa = XCBuildConfiguration;
			buildSettings = {
				ALWAYS_SEARCH_USER_PATHS = NO;
				ASSETCATALOG_COMPILER_GENERATE_SWIFT_ASSET_SYMBOL_EXTENSIONS = YES;
				CLANG_ANALYZER_NONNULL = YES;
				CLANG_ANALYZER_NUMBER_OBJECT_CONVERSION = YES_AGGRESSIVE;
				CLANG_CXX_LANGUAGE_STANDARD = "gnu++20";
				CLANG_ENABLE_MODULES = YES;
				CLANG_ENABLE_OBJC_ARC = YES;
				CLANG_ENABLE_OBJC_WEAK = YES;
				CLANG_WARN_BLOCK_CAPTURE_AUTORELEASING = YES;
				CLANG_WARN_BOOL_CONVERSION = YES;
				CLANG_WARN_COMMA = YES;
				CLANG_WARN_CONSTANT_CONVERSION = YES;
				CLANG_WARN_DEPRECATED_OBJC_IMPLEMENTATIONS = YES;
				CLANG_WARN_DIRECT_OBJC_ISA_USAGE = YES_ERROR;
				CLANG_WARN_DOCUMENTATION_COMMENTS = YES;
				CLANG_WARN_EMPTY_BODY = YES;
				CLANG_WARN_ENUM_CONVERSION = YES;
				CLANG_WARN_INFINITE_RECURSION = YES;
				CLANG_WARN_INT_CONVERSION = YES;
				CLANG_WARN_NON_LITERAL_NULL_CONVERSION = YES;
				CLANG_WARN_OBJC_IMPLICIT_RETAIN_SELF = YES;
				CLANG_WARN_OBJC_LITERAL_CONVERSION = YES;
				CLANG_WARN_OBJC_ROOT_CLASS = YES_ERROR;
				CLANG_WARN_QUOTED_INCLUDE_IN_FRAMEWORK_HEADER = YES;
				CLANG_WARN_RANGE_LOOP_ANALYSIS = YES;
				CLANG_WARN_STRICT_PROTOTYPES = YES;
				CLANG_WARN_SUSPICIOUS_MOVE = YES;
				CLANG_WARN_UNGUARDED_AVAILABILITY = YES_AGGRESSIVE;
				CLANG_WARN_UNREACHABLE_CODE = YES;
				CLANG_WARN__DUPLICATE_METHOD_MATCH = YES;
				COPY_PHASE_STRIP = NO;
				DEBUG_INFORMATION_FORMAT = "dwarf-with-dsym";
				ENABLE_NS_ASSERTIONS = NO;
				ENABLE_STRICT_OBJC_MSGSEND = YES;
				ENABLE_USER_SCRIPT_SANDBOXING = YES;
				GCC_C_LANGUAGE_STANDARD = gnu17;
				GCC_NO_COMMON_BLOCKS = YES;
				GCC_WARN_64_TO_32_BIT_CONVERSION = YES;
				GCC_WARN_ABOUT_RETURN_TYPE = YES_ERROR;
				GCC_WARN_UNDECLARED_SELECTOR = YES;
				GCC_WARN_UNINITIALIZED_AUTOS = YES_AGGRESSIVE;
				GCC_WARN_UNUSED_FUNCTION = YES;
				GCC_WARN_UNUSED_VARIABLE = YES;
				IPHONEOS_DEPLOYMENT_TARGET = 17.4;
				LOCALIZATION_PREFERS_STRING_CATALOGS = YES;
				MTL_ENABLE_DEBUG_INFO = NO;
				MTL_FAST_MATH = YES;
				SDKROOT = iphoneos;
				VALIDATE_PRODUCT = YES;
			};
			name = Release;
		};
		3DA88F1A2BC98CAD00080D21 /* Debug */ = {
			isa = XCBuildConfiguration;
			baseConfigurationReference = EDE3DBA6CF6DEA2FF5D7B20F /* Pods-TestForJK.debug.xcconfig */;
			buildSettings = {
				ASSETCATALOG_COMPILER_APPICON_NAME = AppIcon;
				ASSETCATALOG_COMPILER_GLOBAL_ACCENT_COLOR_NAME = AccentColor;
				CODE_SIGN_STYLE = Automatic;
				CURRENT_PROJECT_VERSION = 1;
				DEVELOPMENT_TEAM = DXZ365TQ99;
				GENERATE_INFOPLIST_FILE = YES;
				INFOPLIST_FILE = TestForJK/Info.plist;
				INFOPLIST_KEY_CFBundleDisplayName = TestForJK;
				INFOPLIST_KEY_UIApplicationSupportsIndirectInputEvents = YES;
				INFOPLIST_KEY_UILaunchStoryboardName = LaunchScreen;
				INFOPLIST_KEY_UIMainStoryboardFile = Main;
				INFOPLIST_KEY_UISupportedInterfaceOrientations_iPad = "UIInterfaceOrientationPortrait UIInterfaceOrientationPortraitUpsideDown UIInterfaceOrientationLandscapeLeft UIInterfaceOrientationLandscapeRight";
				INFOPLIST_KEY_UISupportedInterfaceOrientations_iPhone = "UIInterfaceOrientationPortrait UIInterfaceOrientationLandscapeLeft UIInterfaceOrientationLandscapeRight";
				IPHONEOS_DEPLOYMENT_TARGET = 12.1;
				LD_RUNPATH_SEARCH_PATHS = (
					"$(inherited)",
					"@executable_path/Frameworks",
				);
				MARKETING_VERSION = 1.0;
				PRODUCT_BUNDLE_IDENTIFIER = com.lemon.TestForJK;
				PRODUCT_NAME = "$(TARGET_NAME)";
				SWIFT_EMIT_LOC_STRINGS = YES;
				TARGETED_DEVICE_FAMILY = "1,2";
			};
			name = Debug;
		};
		3DA88F1B2BC98CAD00080D21 /* Release */ = {
			isa = XCBuildConfiguration;
			baseConfigurationReference = AA999C1FAF418A52E7592A6A /* Pods-TestForJK.release.xcconfig */;
			buildSettings = {
				ASSETCATALOG_COMPILER_APPICON_NAME = AppIcon;
				ASSETCATALOG_COMPILER_GLOBAL_ACCENT_COLOR_NAME = AccentColor;
				CODE_SIGN_STYLE = Automatic;
				CURRENT_PROJECT_VERSION = 1;
				DEVELOPMENT_TEAM = DXZ365TQ99;
				GENERATE_INFOPLIST_FILE = YES;
				INFOPLIST_FILE = TestForJK/Info.plist;
				INFOPLIST_KEY_CFBundleDisplayName = TestForJK;
				INFOPLIST_KEY_UIApplicationSupportsIndirectInputEvents = YES;
				INFOPLIST_KEY_UILaunchStoryboardName = LaunchScreen;
				INFOPLIST_KEY_UIMainStoryboardFile = Main;
				INFOPLIST_KEY_UISupportedInterfaceOrientations_iPad = "UIInterfaceOrientationPortrait UIInterfaceOrientationPortraitUpsideDown UIInterfaceOrientationLandscapeLeft UIInterfaceOrientationLandscapeRight";
				INFOPLIST_KEY_UISupportedInterfaceOrientations_iPhone = "UIInterfaceOrientationPortrait UIInterfaceOrientationLandscapeLeft UIInterfaceOrientationLandscapeRight";
				IPHONEOS_DEPLOYMENT_TARGET = 12.1;
				LD_RUNPATH_SEARCH_PATHS = (
					"$(inherited)",
					"@executable_path/Frameworks",
				);
				MARKETING_VERSION = 1.0;
				PRODUCT_BUNDLE_IDENTIFIER = com.lemon.TestForJK;
				PRODUCT_NAME = "$(TARGET_NAME)";
				SWIFT_EMIT_LOC_STRINGS = YES;
				TARGETED_DEVICE_FAMILY = "1,2";
			};
			name = Release;
		};
/* End XCBuildConfiguration section */

/* Begin XCConfigurationList section */
		3DA88EFB2BC98CAA00080D21 /* Build configuration list for PBXProject "TestForJK" */ = {
			isa = XCConfigurationList;
			buildConfigurations = (
				3DA88F172BC98CAD00080D21 /* Debug */,
				3DA88F182BC98CAD00080D21 /* Release */,
			);
			defaultConfigurationIsVisible = 0;
			defaultConfigurationName = Release;
		};
		3DA88F192BC98CAD00080D21 /* Build configuration list for PBXNativeTarget "TestForJK" */ = {
			isa = XCConfigurationList;
			buildConfigurations = (
				3DA88F1A2BC98CAD00080D21 /* Debug */,
				3DA88F1B2BC98CAD00080D21 /* Release */,
			);
			defaultConfigurationIsVisible = 0;
			defaultConfigurationName = Release;
		};
/* End XCConfigurationList section */
	};
	rootObject = 3DA88EF82BC98CAA00080D21 /* Project object */;
}
